lockfileVersion: '6.0'

settings:
  autoInstallPeers: true
  excludeLinksFromLockfile: false

dependencies:
  envinfo:
    specifier: 7.10.0
    version: registry.npmjs.org/envinfo@7.10.0
  semver:
    specifier: 7.5.4
    version: registry.npmjs.org/semver@7.5.4

devDependencies:
  '@playwright/test':
    specifier: 1.37.1
    version: registry.npmjs.org/@playwright/test@1.37.1
  '@types/envinfo':
    specifier: 7.8.1
    version: registry.npmjs.org/@types/envinfo@7.8.1
  '@types/node':
    specifier: 20.5.4
    version: registry.npmjs.org/@types/node@20.5.4
  '@types/semver':
    specifier: 7.5.0
    version: registry.npmjs.org/@types/semver@7.5.0
  dotenv:
    specifier: 16.3.1
    version: registry.npmjs.org/dotenv@16.3.1

packages:

  registry.npmjs.org/@playwright/test@1.37.1:
    resolution: {integrity: sha512-bq9zTli3vWJo8S3LwB91U0qDNQDpEXnw7knhxLM0nwDvexQAwx9tO8iKDZSqqneVq+URd/WIoz+BALMqUTgdSg==, registry: https://registry.npmjs.com/, tarball: https://registry.npmjs.org/@playwright/test/-/test-1.37.1.tgz}
    name: '@playwright/test'
    version: 1.37.1
    engines: {node: '>=16'}
    hasBin: true
    dependencies:
      '@types/node': registry.npmjs.org/@types/node@20.5.4
      playwright-core: registry.npmjs.org/playwright-core@1.37.1
    optionalDependencies:
      fsevents: registry.npmjs.org/fsevents@2.3.2
    dev: true

  registry.npmjs.org/@types/envinfo@7.8.1:
    resolution: {integrity: sha512-pTyshpmGxqB9lRwG75v2YR0oqKYpCrklOYlZWQ88z/JB0fimT8EVmYekuIwpU3IxPZDHSXCqXKzkCrtAcKY25g==, registry: https://registry.npmjs.com/, tarball: https://registry.npmjs.org/@types/envinfo/-/envinfo-7.8.1.tgz}
    name: '@types/envinfo'
    version: 7.8.1
    dev: true

  registry.npmjs.org/@types/node@20.5.4:
    resolution: {integrity: sha512-Y9vbIAoM31djQZrPYjpTLo0XlaSwOIsrlfE3LpulZeRblttsLQRFRlBAppW0LOxyT3ALj2M5vU1ucQQayQH3jA==, registry: https://registry.npmjs.com/, tarball: https://registry.npmjs.org/@types/node/-/node-20.5.4.tgz}
    name: '@types/node'
    version: 20.5.4
    dev: true

  registry.npmjs.org/@types/semver@7.5.0:
    resolution: {integrity: sha512-G8hZ6XJiHnuhQKR7ZmysCeJWE08o8T0AXtk5darsCaTVsYZhhgUrq53jizaR2FvsoeCwJhlmwTjkXBY5Pn/ZHw==, registry: https://registry.npmjs.com/, tarball: https://registry.npmjs.org/@types/semver/-/semver-7.5.0.tgz}
    name: '@types/semver'
    version: 7.5.0
    dev: true

  registry.npmjs.org/dotenv@16.3.1:
    resolution: {integrity: sha512-IPzF4w4/Rd94bA9imS68tZBaYyBWSCE47V1RGuMrB94iyTOIEwRmVL2x/4An+6mETpLrKJ5hQkB8W4kFAadeIQ==, registry: https://registry.npmjs.com/, tarball: https://registry.npmjs.org/dotenv/-/dotenv-16.3.1.tgz}
    name: dotenv
    version: 16.3.1
    engines: {node: '>=12'}
    dev: true

  registry.npmjs.org/envinfo@7.10.0:
    resolution: {integrity: sha512-ZtUjZO6l5mwTHvc1L9+1q5p/R3wTopcfqMW8r5t8SJSKqeVI/LtajORwRFEKpEFuekjD0VBjwu1HMxL4UalIRw==, registry: https://registry.npmjs.com/, tarball: https://registry.npmjs.org/envinfo/-/envinfo-7.10.0.tgz}
    name: envinfo
    version: 7.10.0
    engines: {node: '>=4'}
    hasBin: true
    dev: false

  registry.npmjs.org/fsevents@2.3.2:
    resolution: {integrity: sha512-xiqMQR4xAeHTuB9uWm+fFRcIOgKBMiOBP+eXiyT7jsgVCq1bkVygt00oASowB7EdtpOHaaPgKt812P9ab+DDKA==, registry: https://registry.npmjs.com/, tarball: https://registry.npmjs.org/fsevents/-/fsevents-2.3.2.tgz}
    name: fsevents
    version: 2.3.2
    engines: {node: ^8.16.0 || ^10.6.0 || >=11.0.0}
    os: [darwin]
    requiresBuild: true
    dev: true
    optional: true

  registry.npmjs.org/lru-cache@6.0.0:
    resolution: {integrity: sha512-Jo6dJ04CmSjuznwJSS3pUeWmd/H0ffTlkXXgwZi+eq1UCmqQwCh+eLsYOYCwY991i2Fah4h1BEMCx4qThGbsiA==, registry: https://registry.npmjs.com/, tarball: https://registry.npmjs.org/lru-cache/-/lru-cache-6.0.0.tgz}
    name: lru-cache
    version: 6.0.0
    engines: {node: '>=10'}
    dependencies:
      yallist: registry.npmjs.org/yallist@4.0.0
    dev: false

  registry.npmjs.org/playwright-core@1.37.1:
    resolution: {integrity: sha512-17EuQxlSIYCmEMwzMqusJ2ztDgJePjrbttaefgdsiqeLWidjYz9BxXaTaZWxH1J95SHGk6tjE+dwgWILJoUZfA==, registry: https://registry.npmjs.com/, tarball: https://registry.npmjs.org/playwright-core/-/playwright-core-1.37.1.tgz}
    name: playwright-core
    version: 1.37.1
    engines: {node: '>=16'}
    hasBin: true
    dev: true

  registry.npmjs.org/semver@7.5.4:
    resolution: {integrity: sha512-1bCSESV6Pv+i21Hvpxp3Dx+pSD8lIPt8uVjRrxAUt/nbswYc+tK6Y2btiULjd4+fnq15PX+nqQDC7Oft7WkwcA==, registry: https://registry.npmjs.com/, tarball: https://registry.npmjs.org/semver/-/semver-7.5.4.tgz}
    name: semver
    version: 7.5.4
    engines: {node: '>=10'}
    hasBin: true
    dependencies:
      lru-cache: registry.npmjs.org/lru-cache@6.0.0
    dev: false

  registry.npmjs.org/yallist@4.0.0:
    resolution: {integrity: sha512-3wdGidZyq5PB084XLES5TpOSRA3wjXAlIWMhum2kRcv/41Sn2emQ0dycQW4uZXLejwKvg6EsvbdlVL+FYEct7A==, registry: https://registry.npmjs.com/, tarball: https://registry.npmjs.org/yallist/-/yallist-4.0.0.tgz}
    name: yallist
    version: 4.0.0
    dev: false
